
Microsoft Visual Studio Solution File, Format Version 10.00
# Visual Studio 2008
Project("{8BC9CEB8-8B4A-11D0-8D11-00A0C91BC942}") = "tjcc", "tjcc.vcproj", "{D01EFDC6-3E9E-4A67-8AC2-09FEF32CB316}"
	ProjectSection(ProjectDependencies) = postProject
		{7EC79520-1ADC-4925-BB2D-76C21525660E} = {7EC79520-1ADC-4925-BB2D-76C21525660E}
		{2F15F426-9BE6-4382-9D26-564E1C68CFB6} = {2F15F426-9BE6-4382-9D26-564E1C68CFB6}
		{7AF031BC-DDAD-4700-91A3-05EAFAA90DFE} = {7AF031BC-DDAD-4700-91A3-05EAFAA90DFE}
		{41CA1DC9-B57F-4A24-8436-19C2127B8139} = {41CA1DC9-B57F-4A24-8436-19C2127B8139}
	EndProjectSection
EndProject
Project("{8BC9CEB8-8B4A-11D0-8D11-00A0C91BC942}") = "instr_gen", "instr_gen.vcproj", "{7EC79520-1ADC-4925-BB2D-76C21525660E}"
EndProject
Project("{8BC9CEB8-8B4A-11D0-8D11-00A0C91BC942}") = "tables_gen", "tables_gen.vcproj", "{7AF031BC-DDAD-4700-91A3-05EAFAA90DFE}"
	ProjectSection(ProjectDependencies) = postProject
		{7EC79520-1ADC-4925-BB2D-76C21525660E} = {7EC79520-1ADC-4925-BB2D-76C21525660E}
	EndProjectSection
EndProject
Project("{8BC9CEB8-8B4A-11D0-8D11-00A0C91BC942}") = "tjdis", "tjdis.vcproj", "{35AA9DB4-98A4-4C0D-B0EA-7008808E4A50}"
	ProjectSection(ProjectDependencies) = postProject
		{7EC79520-1ADC-4925-BB2D-76C21525660E} = {7EC79520-1ADC-4925-BB2D-76C21525660E}
		{2F15F426-9BE6-4382-9D26-564E1C68CFB6} = {2F15F426-9BE6-4382-9D26-564E1C68CFB6}
		{4C713370-5F48-4F39-9431-F2E85A608836} = {4C713370-5F48-4F39-9431-F2E85A608836}
		{7AF031BC-DDAD-4700-91A3-05EAFAA90DFE} = {7AF031BC-DDAD-4700-91A3-05EAFAA90DFE}
		{D01EFDC6-3E9E-4A67-8AC2-09FEF32CB316} = {D01EFDC6-3E9E-4A67-8AC2-09FEF32CB316}
		{41CA1DC9-B57F-4A24-8436-19C2127B8139} = {41CA1DC9-B57F-4A24-8436-19C2127B8139}
	EndProjectSection
EndProject
Project("{8BC9CEB8-8B4A-11D0-8D11-00A0C91BC942}") = "libsim", "libsim.vcproj", "{2F15F426-9BE6-4382-9D26-564E1C68CFB6}"
	ProjectSection(ProjectDependencies) = postProject
		{7EC79520-1ADC-4925-BB2D-76C21525660E} = {7EC79520-1ADC-4925-BB2D-76C21525660E}
		{7AF031BC-DDAD-4700-91A3-05EAFAA90DFE} = {7AF031BC-DDAD-4700-91A3-05EAFAA90DFE}
	EndProjectSection
EndProject
Project("{8BC9CEB8-8B4A-11D0-8D11-00A0C91BC942}") = "tjsim", "tjsim.vcproj", "{13DB10B1-56C8-4178-B500-E9D159E480DF}"
	ProjectSection(ProjectDependencies) = postProject
		{B66A8107-97B9-483F-8F13-469B04F5E592} = {B66A8107-97B9-483F-8F13-469B04F5E592}
		{7EC79520-1ADC-4925-BB2D-76C21525660E} = {7EC79520-1ADC-4925-BB2D-76C21525660E}
		{2F15F426-9BE6-4382-9D26-564E1C68CFB6} = {2F15F426-9BE6-4382-9D26-564E1C68CFB6}
		{84BED636-0532-4DB9-8743-8CE5E8E0B641} = {84BED636-0532-4DB9-8743-8CE5E8E0B641}
		{4C713370-5F48-4F39-9431-F2E85A608836} = {4C713370-5F48-4F39-9431-F2E85A608836}
		{35AA9DB4-98A4-4C0D-B0EA-7008808E4A50} = {35AA9DB4-98A4-4C0D-B0EA-7008808E4A50}
		{7AF031BC-DDAD-4700-91A3-05EAFAA90DFE} = {7AF031BC-DDAD-4700-91A3-05EAFAA90DFE}
		{D01EFDC6-3E9E-4A67-8AC2-09FEF32CB316} = {D01EFDC6-3E9E-4A67-8AC2-09FEF32CB316}
		{41CA1DC9-B57F-4A24-8436-19C2127B8139} = {41CA1DC9-B57F-4A24-8436-19C2127B8139}
	EndProjectSection
EndProject
Project("{8BC9CEB8-8B4A-11D0-8D11-00A0C91BC942}") = "tjlink", "tjlink.vcproj", "{84BED636-0532-4DB9-8743-8CE5E8E0B641}"
	ProjectSection(ProjectDependencies) = postProject
		{7EC79520-1ADC-4925-BB2D-76C21525660E} = {7EC79520-1ADC-4925-BB2D-76C21525660E}
		{2F15F426-9BE6-4382-9D26-564E1C68CFB6} = {2F15F426-9BE6-4382-9D26-564E1C68CFB6}
		{4C713370-5F48-4F39-9431-F2E85A608836} = {4C713370-5F48-4F39-9431-F2E85A608836}
		{35AA9DB4-98A4-4C0D-B0EA-7008808E4A50} = {35AA9DB4-98A4-4C0D-B0EA-7008808E4A50}
		{7AF031BC-DDAD-4700-91A3-05EAFAA90DFE} = {7AF031BC-DDAD-4700-91A3-05EAFAA90DFE}
		{D01EFDC6-3E9E-4A67-8AC2-09FEF32CB316} = {D01EFDC6-3E9E-4A67-8AC2-09FEF32CB316}
		{41CA1DC9-B57F-4A24-8436-19C2127B8139} = {41CA1DC9-B57F-4A24-8436-19C2127B8139}
	EndProjectSection
EndProject
Project("{8BC9CEB8-8B4A-11D0-8D11-00A0C91BC942}") = "liblink", "liblink.vcproj", "{41CA1DC9-B57F-4A24-8436-19C2127B8139}"
	ProjectSection(ProjectDependencies) = postProject
		{7EC79520-1ADC-4925-BB2D-76C21525660E} = {7EC79520-1ADC-4925-BB2D-76C21525660E}
		{2F15F426-9BE6-4382-9D26-564E1C68CFB6} = {2F15F426-9BE6-4382-9D26-564E1C68CFB6}
		{7AF031BC-DDAD-4700-91A3-05EAFAA90DFE} = {7AF031BC-DDAD-4700-91A3-05EAFAA90DFE}
	EndProjectSection
EndProject
Project("{8BC9CEB8-8B4A-11D0-8D11-00A0C91BC942}") = "tjdepend", "tjdepend.vcproj", "{4C713370-5F48-4F39-9431-F2E85A608836}"
	ProjectSection(ProjectDependencies) = postProject
		{7EC79520-1ADC-4925-BB2D-76C21525660E} = {7EC79520-1ADC-4925-BB2D-76C21525660E}
		{2F15F426-9BE6-4382-9D26-564E1C68CFB6} = {2F15F426-9BE6-4382-9D26-564E1C68CFB6}
		{7AF031BC-DDAD-4700-91A3-05EAFAA90DFE} = {7AF031BC-DDAD-4700-91A3-05EAFAA90DFE}
		{D01EFDC6-3E9E-4A67-8AC2-09FEF32CB316} = {D01EFDC6-3E9E-4A67-8AC2-09FEF32CB316}
		{41CA1DC9-B57F-4A24-8436-19C2127B8139} = {41CA1DC9-B57F-4A24-8436-19C2127B8139}
	EndProjectSection
EndProject
Project("{8BC9CEB8-8B4A-11D0-8D11-00A0C91BC942}") = "tjparse", "tjparse.vcproj", "{B66A8107-97B9-483F-8F13-469B04F5E592}"
	ProjectSection(ProjectDependencies) = postProject
		{7EC79520-1ADC-4925-BB2D-76C21525660E} = {7EC79520-1ADC-4925-BB2D-76C21525660E}
		{2F15F426-9BE6-4382-9D26-564E1C68CFB6} = {2F15F426-9BE6-4382-9D26-564E1C68CFB6}
		{84BED636-0532-4DB9-8743-8CE5E8E0B641} = {84BED636-0532-4DB9-8743-8CE5E8E0B641}
		{4C713370-5F48-4F39-9431-F2E85A608836} = {4C713370-5F48-4F39-9431-F2E85A608836}
		{35AA9DB4-98A4-4C0D-B0EA-7008808E4A50} = {35AA9DB4-98A4-4C0D-B0EA-7008808E4A50}
		{7AF031BC-DDAD-4700-91A3-05EAFAA90DFE} = {7AF031BC-DDAD-4700-91A3-05EAFAA90DFE}
		{D01EFDC6-3E9E-4A67-8AC2-09FEF32CB316} = {D01EFDC6-3E9E-4A67-8AC2-09FEF32CB316}
		{41CA1DC9-B57F-4A24-8436-19C2127B8139} = {41CA1DC9-B57F-4A24-8436-19C2127B8139}
	EndProjectSection
EndProject
Global
	GlobalSection(SolutionConfigurationPlatforms) = preSolution
		Debug|Win32 = Debug|Win32
		Release|Win32 = Release|Win32
	EndGlobalSection
	GlobalSection(ProjectConfigurationPlatforms) = postSolution
		{D01EFDC6-3E9E-4A67-8AC2-09FEF32CB316}.Debug|Win32.ActiveCfg = Debug|Win32
		{D01EFDC6-3E9E-4A67-8AC2-09FEF32CB316}.Debug|Win32.Build.0 = Debug|Win32
		{D01EFDC6-3E9E-4A67-8AC2-09FEF32CB316}.Release|Win32.ActiveCfg = Release|Win32
		{D01EFDC6-3E9E-4A67-8AC2-09FEF32CB316}.Release|Win32.Build.0 = Release|Win32
		{7EC79520-1ADC-4925-BB2D-76C21525660E}.Debug|Win32.ActiveCfg = Debug|Win32
		{7EC79520-1ADC-4925-BB2D-76C21525660E}.Debug|Win32.Build.0 = Debug|Win32
		{7EC79520-1ADC-4925-BB2D-76C21525660E}.Release|Win32.ActiveCfg = Release|Win32
		{7EC79520-1ADC-4925-BB2D-76C21525660E}.Release|Win32.Build.0 = Release|Win32
		{7AF031BC-DDAD-4700-91A3-05EAFAA90DFE}.Debug|Win32.ActiveCfg = Debug|Win32
		{7AF031BC-DDAD-4700-91A3-05EAFAA90DFE}.Debug|Win32.Build.0 = Debug|Win32
		{7AF031BC-DDAD-4700-91A3-05EAFAA90DFE}.Release|Win32.ActiveCfg = Release|Win32
		{7AF031BC-DDAD-4700-91A3-05EAFAA90DFE}.Release|Win32.Build.0 = Release|Win32
		{35AA9DB4-98A4-4C0D-B0EA-7008808E4A50}.Debug|Win32.ActiveCfg = Debug|Win32
		{35AA9DB4-98A4-4C0D-B0EA-7008808E4A50}.Debug|Win32.Build.0 = Debug|Win32
		{35AA9DB4-98A4-4C0D-B0EA-7008808E4A50}.Release|Win32.ActiveCfg = Release|Win32
		{35AA9DB4-98A4-4C0D-B0EA-7008808E4A50}.Release|Win32.Build.0 = Release|Win32
		{2F15F426-9BE6-4382-9D26-564E1C68CFB6}.Debug|Win32.ActiveCfg = Debug|Win32
		{2F15F426-9BE6-4382-9D26-564E1C68CFB6}.Debug|Win32.Build.0 = Debug|Win32
		{2F15F426-9BE6-4382-9D26-564E1C68CFB6}.Release|Win32.ActiveCfg = Release|Win32
		{2F15F426-9BE6-4382-9D26-564E1C68CFB6}.Release|Win32.Build.0 = Release|Win32
		{13DB10B1-56C8-4178-B500-E9D159E480DF}.Debug|Win32.ActiveCfg = Debug|Win32
		{13DB10B1-56C8-4178-B500-E9D159E480DF}.Debug|Win32.Build.0 = Debug|Win32
		{13DB10B1-56C8-4178-B500-E9D159E480DF}.Release|Win32.ActiveCfg = Release|Win32
		{13DB10B1-56C8-4178-B500-E9D159E480DF}.Release|Win32.Build.0 = Release|Win32
		{84BED636-0532-4DB9-8743-8CE5E8E0B641}.Debug|Win32.ActiveCfg = Debug|Win32
		{84BED636-0532-4DB9-8743-8CE5E8E0B641}.Debug|Win32.Build.0 = Debug|Win32
		{84BED636-0532-4DB9-8743-8CE5E8E0B641}.Release|Win32.ActiveCfg = Release|Win32
		{84BED636-0532-4DB9-8743-8CE5E8E0B641}.Release|Win32.Build.0 = Release|Win32
		{41CA1DC9-B57F-4A24-8436-19C2127B8139}.Debug|Win32.ActiveCfg = Debug|Win32
		{41CA1DC9-B57F-4A24-8436-19C2127B8139}.Debug|Win32.Build.0 = Debug|Win32
		{41CA1DC9-B57F-4A24-8436-19C2127B8139}.Release|Win32.ActiveCfg = Release|Win32
		{41CA1DC9-B57F-4A24-8436-19C2127B8139}.Release|Win32.Build.0 = Release|Win32
		{4C713370-5F48-4F39-9431-F2E85A608836}.Debug|Win32.ActiveCfg = Debug|Win32
		{4C713370-5F48-4F39-9431-F2E85A608836}.Debug|Win32.Build.0 = Debug|Win32
		{4C713370-5F48-4F39-9431-F2E85A608836}.Release|Win32.ActiveCfg = Release|Win32
		{4C713370-5F48-4F39-9431-F2E85A608836}.Release|Win32.Build.0 = Release|Win32
		{B66A8107-97B9-483F-8F13-469B04F5E592}.Debug|Win32.ActiveCfg = Debug|Win32
		{B66A8107-97B9-483F-8F13-469B04F5E592}.Debug|Win32.Build.0 = Debug|Win32
		{B66A8107-97B9-483F-8F13-469B04F5E592}.Release|Win32.ActiveCfg = Release|Win32
		{B66A8107-97B9-483F-8F13-469B04F5E592}.Release|Win32.Build.0 = Release|Win32
	EndGlobalSection
	GlobalSection(SolutionProperties) = preSolution
		HideSolutionNode = FALSE
	EndGlobalSection
EndGlobal
